// !$*UTF8*$!
{
	archiveVersion = 1;
	classes = {
	};
	objectVersion = 46;
	objects = {

/* Begin PBXBuildFile section */
		D6E01C081E97C4CB005422DE /* AppDelegate.swift in Sources */ = {isa = PBXBuildFile; fileRef = D6E01C071E97C4CB005422DE /* AppDelegate.swift */; };
		D6E01C0A1E97C4CB005422DE /* ViewController.swift in Sources */ = {isa = PBXBuildFile; fileRef = D6E01C091E97C4CB005422DE /* ViewController.swift */; };
		D6E01C0D1E97C4CB005422DE /* Main.storyboard in Resources */ = {isa = PBXBuildFile; fileRef = D6E01C0B1E97C4CB005422DE /* Main.storyboard */; };
		D6E01C0F1E97C4CB005422DE /* Assets.xcassets in Resources */ = {isa = PBXBuildFile; fileRef = D6E01C0E1E97C4CB005422DE /* Assets.xcassets */; };
		D6E01C121E97C4CB005422DE /* LaunchScreen.storyboard in Resources */ = {isa = PBXBuildFile; fileRef = D6E01C101E97C4CB005422DE /* LaunchScreen.storyboard */; };
/* End PBXBuildFile section */

/* Begin PBXFileReference section */
		D6E01C041E97C4CB005422DE /* Swift3.0-Pokedex3.app */ = {isa = PBXFileReference; explicitFileType = wrapper.application; includeInIndex = 0; path = "Swift3.0-Pokedex3.app"; sourceTree = BUILT_PRODUCTS_DIR; };
		D6E01C071E97C4CB005422DE /* AppDelegate.swift */ = {isa = PBXFileReference; lastKnownFileType = sourcecode.swift; path = AppDelegate.swift; sourceTree = "<group>"; };
		D6E01C091E97C4CB005422DE /* ViewController.swift */ = {isa = PBXFileReference; lastKnownFileType = sourcecode.swift; path = ViewController.swift; sourceTree = "<group>"; };
		D6E01C0C1E97C4CB005422DE /* Base */ = {isa = PBXFileReference; lastKnownFileType = file.storyboard; name = Base; path = Base.lproj/Main.storyboard; sourceTree = "<group>"; };
		D6E01C0E1E97C4CB005422DE /* Assets.xcassets */ = {isa = PBXFileReference; lastKnownFileType = folder.assetcatalog; path = Assets.xcassets; sourceTree = "<group>"; };
		D6E01C111E97C4CB005422DE /* Base */ = {isa = PBXFileReference; lastKnownFileType = file.storyboard; name = Base; path = Base.lproj/LaunchScreen.storyboard; sourceTree = "<group>"; };
		D6E01C131E97C4CB005422DE /* Info.plist */ = {isa = PBXFileReference; lastKnownFileType = text.plist.xml; path = Info.plist; sourceTree = "<group>"; };
/* End PBXFileReference section */

/* Begin PBXFrameworksBuildPhase section */
		D6E01C011E97C4CB005422DE /* Frameworks */ = {
			isa = PBXFrameworksBuildPhase;
			buildActionMask = 2147483647;
			files = (
			);
			runOnlyForDeploymentPostprocessing = 0;
		};
/* End PBXFrameworksBuildPhase section */

/* Begin PBXGroup section */
		D6E01BFB1E97C4CB005422DE = {
			isa = PBXGroup;
			children = (
				D6E01C061E97C4CB005422DE /* Swift3.0-Pokedex3 */,
				D6E01C051E97C4CB005422DE /* Products */,
			);
			sourceTree = "<group>";
		};
		D6E01C051E97C4CB005422DE /* Products */ = {
			isa = PBXGroup;
			children = (
				D6E01C041E97C4CB005422DE /* Swift3.0-Pokedex3.app */,
			);
			name = Products;
			sourceTree = "<group>";
		};
		D6E01C061E97C4CB005422DE /* Swift3.0-Pokedex3 */ = {
			isa = PBXGroup;
			children = (
				D6E01C071E97C4CB005422DE /* AppDelegate.swift */,
				D6E01C091E97C4CB005422DE /* ViewController.swift */,
				D6E01C0B1E97C4CB005422DE /* Main.storyboard */,
				D6E01C0E1E97C4CB005422DE /* Assets.xcassets */,
				D6E01C101E97C4CB005422DE /* LaunchScreen.storyboard */,
				D6E01C131E97C4CB005422DE /* Info.plist */,
			);
			path = "Swift3.0-Pokedex3";
			sourceTree = "<group>";
		};
/* End PBXGroup section */

/* Begin PBXNativeTarget section */
		D6E01C031E97C4CB005422DE /* Swift3.0-Pokedex3 */ = {
			isa = PBXNativeTarget;
			buildConfigurationList = D6E01C161E97C4CB005422DE /* Build configuration list for PBXNativeTarget "Swift3.0-Pokedex3" */;
			buildPhases = (
				D6E01C001E97C4CB005422DE /* Sources */,
				D6E01C011E97C4CB005422DE /* Frameworks */,
				D6E01C021E97C4CB005422DE /* Resources */,
			);
			buildRules = (
			);
			dependencies = (
			);
			name = "Swift3.0-Pokedex3";
			productName = "Swift3.0-Pokedex3";
			productReference = D6E01C041E97C4CB005422DE /* Swift3.0-Pokedex3.app */;
			productType = "com.apple.product-type.application";
		};
/* End PBXNativeTarget section */

/* Begin PBXProject section */
		D6E01BFC1E97C4CB005422DE /* Project object */ = {
			isa = PBXProject;
			attributes = {
				LastSwiftUpdateCheck = 0810;
				LastUpgradeCheck = 0810;
				ORGANIZATIONNAME = crayon;
				TargetAttributes = {
					D6E01C031E97C4CB005422DE = {
						CreatedOnToolsVersion = 8.1;
						DevelopmentTeam = FWY5JT822S;
						ProvisioningStyle = Automatic;
					};
				};
			};
			buildConfigurationList = D6E01BFF1E97C4CB005422DE /* Build configuration list for PBXProject "Swift3.0-Pokedex3" */;
			compatibilityVersion = "Xcode 3.2";
			developmentRegion = English;
			hasScannedForEncodings = 0;
			knownRegions = (
				en,
				Base,
			);
			mainGroup = D6E01BFB1E97C4CB005422DE;
			productRefGroup = D6E01C051E97C4CB005422DE /* Products */;
			projectDirPath = "";
			projectRoot = "";
			targets = (
				D6E01C031E97C4CB005422DE /* Swift3.0-Pokedex3 */,
			);
		};
/* End PBXProject section */

/* Begin PBXResourcesBuildPhase section */
		D6E01C021E97C4CB005422DE /* Resources */ = {
			isa = PBXResourcesBuildPhase;
			buildActionMask = 2147483647;
			files = (
				D6E01C121E97C4CB005422DE /* LaunchScreen.storyboard in Resources */,
				D6E01C0F1E97C4CB005422DE /* Assets.xcassets in Resources */,
				D6E01C0D1E97C4CB005422DE /* Main.storyboard in Resources */,
			);
			runOnlyForDeploymentPostprocessing = 0;
		};
/* End PBXResourcesBuildPhase section */

/* Begin PBXSourcesBuildPhase section */
		D6E01C001E97C4CB005422DE /* Sources */ = {
			isa = PBXSourcesBuildPhase;
			buildActionMask = 2147483647;
			files = (
				D6E01C0A1E97C4CB005422DE /* ViewController.swift in Sources */,
				D6E01C081E97C4CB005422DE /* AppDelegate.swift in Sources */,
			);
			runOnlyForDeploymentPostprocessing = 0;
		};
/* End PBXSourcesBuildPhase section */

/* Begin PBXVariantGroup section */
		D6E01C0B1E97C4CB005422DE /* Main.storyboard */ = {
			isa = PBXVariantGroup;
			children = (
				D6E01C0C1E97C4CB005422DE /* Base */,
			);
			name = Main.storyboard;
			sourceTree = "<group>";
		};
		D6E01C101E97C4CB005422DE /* LaunchScreen.storyboard */ = {
			isa = PBXVariantGroup;
			children = (
				D6E01C111E97C4CB005422DE /* Base */,
			);
			name = LaunchScreen.storyboard;
			sourceTree = "<group>";
		};
/* End PBXVariantGroup section */

/* Begin XCBuildConfiguration section */
		D6E01C141E97C4CB005422DE /* Debug */ = {
			isa = XCBuildConfiguration;
			buildSettings = {
				ALWAYS_SEARCH_USER_PATHS = NO;
				CLANG_ANALYZER_NONNULL = YES;
				CLANG_CXX_LANGUAGE_STANDARD = "gnu++0x";
				CLANG_CXX_LIBRARY = "libc++";
				CLANG_ENABLE_MODULES = YES;
				CLANG_ENABLE_OBJC_ARC = YES;
				CLANG_WARN_BOOL_CONVERSION = YES;
				CLANG_WARN_CONSTANT_CONVERSION = YES;
				CLANG_WARN_DIRECT_OBJC_ISA_USAGE = YES_ERROR;
				CLANG_WARN_DOCUMENTATION_COMMENTS = YES;
				CLANG_WARN_EMPTY_BODY = YES;
				CLANG_WARN_ENUM_CONVERSION = YES;
				CLANG_WARN_INFINITE_RECURSION = YES;
				CLANG_WARN_INT_CONVERSION = YES;
				CLANG_WARN_OBJC_ROOT_CLASS = YES_ERROR;
				CLANG_WARN_SUSPICIOUS_MOVES = YES;
				CLANG_WARN_UNREACHABLE_CODE = YES;
				CLANG_WARN__DUPLICATE_METHOD_MATCH = YES;
				"CODE_SIGN_IDENTITY[sdk=iphoneos*]" = "iPhone Developer";
				COPY_PHASE_STRIP = NO;
				DEBUG_INFORMATION_FORMAT = dwarf;
				ENABLE_STRICT_OBJC_MSGSEND = YES;
				ENABLE_TESTABILITY = YES;
				GCC_C_LANGUAGE_STANDARD = gnu99;
				GCC_DYNAMIC_NO_PIC = NO;
				GCC_NO_COMMON_BLOCKS = YES;
				GCC_OPTIMIZATION_LEVEL = 0;
				GCC_PREPROCESSOR_DEFINITIONS = (
					"DEBUG=1",
					"$(inherited)",
				);
				GCC_WARN_64_TO_32_BIT_CONVERSION = YES;
				GCC_WARN_ABOUT_RETURN_TYPE = YES_ERROR;
				GCC_WARN_UNDECLARED_SELECTOR = YES;
				GCC_WARN_UNINITIALIZED_AUTOS = YES_AGGRESSIVE;
				GCC_WARN_UNUSED_FUNCTION = YES;
				GCC_WARN_UNUSED_VARIABLE = YES;
				IPHONEOS_DEPLOYMENT_TARGET = 10.1;
				MTL_ENABLE_DEBUG_INFO = YES;
				ONLY_ACTIVE_ARCH = YES;
				SDKROOT = iphoneos;
				SWIFT_ACTIVE_COMPILATION_CONDITIONS = DEBUG;
				SWIFT_OPTIMIZATION_LEVEL = "-Onone";
				TARGETED_DEVICE_FAMILY = "1,2";
			};
			name = Debug;
		};
		D6E01C151E97C4CB005422DE /* Release */ = {
			isa = XCBuildConfiguration;
			buildSettings = {
				ALWAYS_SEARCH_USER_PATHS = NO;
				CLANG_ANALYZER_NONNULL = YES;
				CLANG_CXX_LANGUAGE_STANDARD = "gnu++0x";
				CLANG_CXX_LIBRARY = "libc++";
				CLANG_ENABLE_MODULES = YES;
				CLANG_ENABLE_OBJC_ARC = YES;
				CLANG_WARN_BOOL_CONVERSION = YES;
				CLANG_WARN_CONSTANT_CONVERSION = YES;
				CLANG_WARN_DIRECT_OBJC_ISA_USAGE = YES_ERROR;
				CLANG_WARN_DOCUMENTATION_COMMENTS = YES;
				CLANG_WARN_EMPTY_BODY = YES;
				CLANG_WARN_ENUM_CONVERSION = YES;
				CLANG_WARN_INFINITE_RECURSION = YES;
				CLANG_WARN_INT_CONVERSION = YES;
				CLANG_WARN_OBJC_ROOT_CLASS = YES_ERROR;
				CLANG_WARN_SUSPICIOUS_MOVES = YES;
				CLANG_WARN_UNREACHABLE_CODE = YES;
				CLANG_WARN__DUPLICATE_METHOD_MATCH = YES;
				"CODE_SIGN_IDENTITY[sdk=iphoneos*]" = "iPhone Developer";
				COPY_PHASE_STRIP = NO;
				DEBUG_INFORMATION_FORMAT = "dwarf-with-dsym";
				ENABLE_NS_ASSERTIONS = NO;
				ENABLE_STRICT_OBJC_MSGSEND = YES;
				GCC_C_LANGUAGE_STANDARD = gnu99;
				GCC_NO_COMMON_BLOCKS = YES;
				GCC_WARN_64_TO_32_BIT_CONVERSION = YES;
				GCC_WARN_ABOUT_RETURN_TYPE = YES_ERROR;
				GCC_WARN_UNDECLARED_SELECTOR = YES;
				GCC_WARN_UNINITIALIZED_AUTOS = YES_AGGRESSIVE;
				GCC_WARN_UNUSED_FUNCTION = YES;
				GCC_WARN_UNUSED_VARIABLE = YES;
				IPHONEOS_DEPLOYMENT_TARGET = 10.1;
				MTL_ENABLE_DEBUG_INFO = NO;
				SDKROOT = iphoneos;
				SWIFT_OPTIMIZATION_LEVEL = "-Owholemodule";
				TARGETED_DEVICE_FAMILY = "1,2";
				VALIDATE_PRODUCT = YES;
			};
			name = Release;
		};
		D6E01C171E97C4CB005422DE /* Debug */ = {
			isa = XCBuildConfiguration;
			buildSettings = {
				ASSETCATALOG_COMPILER_APPICON_NAME = AppIcon;
				DEVELOPMENT_TEAM = FWY5JT822S;
				INFOPLIST_FILE = "Swift3.0-Pokedex3/Info.plist";
				LD_RUNPATH_SEARCH_PATHS = "$(inherited) @executable_path/Frameworks";
				PRODUCT_BUNDLE_IDENTIFIER = "com.yahoo.crayon1901.Swift3-0-Pokedex3";
				PRODUCT_NAME = "$(TARGET_NAME)";
				SWIFT_VERSION = 3.0;
			};
			name = Debug;
		};
		D6E01C181E97C4CB005422DE /* Release */ = {
			isa = XCBuildConfiguration;
			buildSettings = {
				ASSETCATALOG_COMPILER_APPICON_NAME = AppIcon;
				DEVELOPMENT_TEAM = FWY5JT822S;
				INFOPLIST_FILE = "Swift3.0-Pokedex3/Info.plist";
				LD_RUNPATH_SEARCH_PATHS = "$(inherited) @executable_path/Frameworks";
				PRODUCT_BUNDLE_IDENTIFIER = "com.yahoo.crayon1901.Swift3-0-Pokedex3";
				PRODUCT_NAME = "$(TARGET_NAME)";
				SWIFT_VERSION = 3.0;
			};
			name = Release;
		};
/* End XCBuildConfiguration section */

/* Begin XCConfigurationList section */
		D6E01BFF1E97C4CB005422DE /* Build configuration list for PBXProject "Swift3.0-Pokedex3" */ = {
			isa = XCConfigurationList;
			buildConfigurations = (
				D6E01C141E97C4CB005422DE /* Debug */,
				D6E01C151E97C4CB005422DE /* Release */,
			);
			defaultConfigurationIsVisible = 0;
			defaultConfigurationName = Release;
		};
		D6E01C161E97C4CB005422DE /* Build configuration list for PBXNativeTarget "Swift3.0-Pokedex3" */ = {
			isa = XCConfigurationList;
			buildConfigurations = (
				D6E01C171E97C4CB005422DE /* Debug */,
				D6E01C181E97C4CB005422DE /* Release */,
			);
			defaultConfigurationIsVisible = 0;
		};
/* End XCConfigurationList section */
	};
	rootObject = D6E01BFC1E97C4CB005422DE /* Project object */;
}
